
Microsoft Visual Studio Solution File, Format Version 12.00
# Visual Studio Version 16
VisualStudioVersion = 16.0.30907.101
MinimumVisualStudioVersion = 10.0.40219.1
Project("{FAE04EC0-301F-11D3-BF4B-00C04F79EFBC}") = "CharacterCount", "CharacterCount\CharacterCount.csproj", "{A67B220B-2F46-4996-91B5-308EEE37A6E7}"
EndProject
Project("{FAE04EC0-301F-11D3-BF4B-00C04F79EFBC}") = "FibonacciFactorial", "FibonacciFactorial\FibonacciFactorial.csproj", "{01653D73-F06D-4A56-AD29-60E659064737}"
EndProject
Project("{FAE04EC0-301F-11D3-BF4B-00C04F79EFBC}") = "ControlsAndWindows", "ControlsAndWindows\ControlsAndWindows.csproj", "{64E468AA-F695-4663-A130-CB7D37A57E5D}"
EndProject
Project("{FAE04EC0-301F-11D3-BF4B-00C04F79EFBC}") = "1erExamenParcial_ej1", "1erExamenParcial_ej1\1erExamenParcial_ej1.csproj", "{18BA03E1-3235-4192-81EE-DE78A8EEFEC2}"
EndProject
Project("{FAE04EC0-301F-11D3-BF4B-00C04F79EFBC}") = "1erExamenParcial_ej2", "1erExamenParcial_ej2\1erExamenParcial_ej2.csproj", "{9C6AD24F-FFA6-4115-AEEC-EC128B08C30A}"
EndProject
Project("{FAE04EC0-301F-11D3-BF4B-00C04F79EFBC}") = "ImagesWindow", "ImagesWindow\ImagesWindow.csproj", "{8AE2362C-B9AD-4AF1-B94F-504F9FA069DF}"
EndProject
Project("{FAE04EC0-301F-11D3-BF4B-00C04F79EFBC}") = "MemoryGame_MatchingPairs", "MemoryGame_MatchingPairs\MemoryGame_MatchingPairs.csproj", "{D98C9B2B-801C-427E-AD76-8300BCB385F3}"
EndProject
Global
	GlobalSection(SolutionConfigurationPlatforms) = preSolution
		Debug|Any CPU = Debug|Any CPU
		Release|Any CPU = Release|Any CPU
	EndGlobalSection
	GlobalSection(ProjectConfigurationPlatforms) = postSolution
		{A67B220B-2F46-4996-91B5-308EEE37A6E7}.Debug|Any CPU.ActiveCfg = Debug|Any CPU
		{A67B220B-2F46-4996-91B5-308EEE37A6E7}.Debug|Any CPU.Build.0 = Debug|Any CPU
		{A67B220B-2F46-4996-91B5-308EEE37A6E7}.Release|Any CPU.ActiveCfg = Release|Any CPU
		{A67B220B-2F46-4996-91B5-308EEE37A6E7}.Release|Any CPU.Build.0 = Release|Any CPU
		{01653D73-F06D-4A56-AD29-60E659064737}.Debug|Any CPU.ActiveCfg = Debug|Any CPU
		{01653D73-F06D-4A56-AD29-60E659064737}.Debug|Any CPU.Build.0 = Debug|Any CPU
		{01653D73-F06D-4A56-AD29-60E659064737}.Release|Any CPU.ActiveCfg = Release|Any CPU
		{01653D73-F06D-4A56-AD29-60E659064737}.Release|Any CPU.Build.0 = Release|Any CPU
		{64E468AA-F695-4663-A130-CB7D37A57E5D}.Debug|Any CPU.ActiveCfg = Debug|Any CPU
		{64E468AA-F695-4663-A130-CB7D37A57E5D}.Debug|Any CPU.Build.0 = Debug|Any CPU
		{64E468AA-F695-4663-A130-CB7D37A57E5D}.Release|Any CPU.ActiveCfg = Release|Any CPU
		{64E468AA-F695-4663-A130-CB7D37A57E5D}.Release|Any CPU.Build.0 = Release|Any CPU
		{18BA03E1-3235-4192-81EE-DE78A8EEFEC2}.Debug|Any CPU.ActiveCfg = Debug|Any CPU
		{18BA03E1-3235-4192-81EE-DE78A8EEFEC2}.Debug|Any CPU.Build.0 = Debug|Any CPU
		{18BA03E1-3235-4192-81EE-DE78A8EEFEC2}.Release|Any CPU.ActiveCfg = Release|Any CPU
		{18BA03E1-3235-4192-81EE-DE78A8EEFEC2}.Release|Any CPU.Build.0 = Release|Any CPU
		{9C6AD24F-FFA6-4115-AEEC-EC128B08C30A}.Debug|Any CPU.ActiveCfg = Debug|Any CPU
		{9C6AD24F-FFA6-4115-AEEC-EC128B08C30A}.Debug|Any CPU.Build.0 = Debug|Any CPU
		{9C6AD24F-FFA6-4115-AEEC-EC128B08C30A}.Release|Any CPU.ActiveCfg = Release|Any CPU
		{9C6AD24F-FFA6-4115-AEEC-EC128B08C30A}.Release|Any CPU.Build.0 = Release|Any CPU
		{8AE2362C-B9AD-4AF1-B94F-504F9FA069DF}.Debug|Any CPU.ActiveCfg = Debug|Any CPU
		{8AE2362C-B9AD-4AF1-B94F-504F9FA069DF}.Debug|Any CPU.Build.0 = Debug|Any CPU
		{8AE2362C-B9AD-4AF1-B94F-504F9FA069DF}.Release|Any CPU.ActiveCfg = Release|Any CPU
		{8AE2362C-B9AD-4AF1-B94F-504F9FA069DF}.Release|Any CPU.Build.0 = Release|Any CPU
		{D98C9B2B-801C-427E-AD76-8300BCB385F3}.Debug|Any CPU.ActiveCfg = Debug|Any CPU
		{D98C9B2B-801C-427E-AD76-8300BCB385F3}.Debug|Any CPU.Build.0 = Debug|Any CPU
		{D98C9B2B-801C-427E-AD76-8300BCB385F3}.Release|Any CPU.ActiveCfg = Release|Any CPU
		{D98C9B2B-801C-427E-AD76-8300BCB385F3}.Release|Any CPU.Build.0 = Release|Any CPU
	EndGlobalSection
	GlobalSection(SolutionProperties) = preSolution
		HideSolutionNode = FALSE
	EndGlobalSection
	GlobalSection(ExtensibilityGlobals) = postSolution
		SolutionGuid = {F081097B-A2A1-4767-A605-D6CB01EEDDC8}
	EndGlobalSection
EndGlobal
